
Microsoft Visual Studio Solution File, Format Version 12.00
# Visual Studio Version 16
VisualStudioVersion = 16.0.31729.503
MinimumVisualStudioVersion = 10.0.40219.1
Project("{FAE04EC0-301F-11D3-BF4B-00C04F79EFBC}") = "CustomLibraries", "CustomLibraries\CustomLibraries.csproj", "{6DE8EF28-2717-47F0-8AF0-D972A60183ED}"
EndProject
Project("{FAE04EC0-301F-11D3-BF4B-00C04F79EFBC}") = "CustomLibrary", "CustomLibrary\CustomLibrary.csproj", "{D21BE776-CB51-425D-9D86-A068CCDD85B5}"
EndProject
Global
	GlobalSection(SolutionConfigurationPlatforms) = preSolution
		Debug|Any CPU = Debug|Any CPU
		Release|Any CPU = Release|Any CPU
	EndGlobalSection
	GlobalSection(ProjectConfigurationPlatforms) = postSolution
		{6DE8EF28-2717-47F0-8AF0-D972A60183ED}.Debug|Any CPU.ActiveCfg = Debug|Any CPU
		{6DE8EF28-2717-47F0-8AF0-D972A60183ED}.Debug|Any CPU.Build.0 = Debug|Any CPU
		{6DE8EF28-2717-47F0-8AF0-D972A60183ED}.Release|Any CPU.ActiveCfg = Release|Any CPU
		{6DE8EF28-2717-47F0-8AF0-D972A60183ED}.Release|Any CPU.Build.0 = Release|Any CPU
		{D21BE776-CB51-425D-9D86-A068CCDD85B5}.Debug|Any CPU.ActiveCfg = Debug|Any CPU
		{D21BE776-CB51-425D-9D86-A068CCDD85B5}.Debug|Any CPU.Build.0 = Debug|Any CPU
		{D21BE776-CB51-425D-9D86-A068CCDD85B5}.Release|Any CPU.ActiveCfg = Release|Any CPU
		{D21BE776-CB51-425D-9D86-A068CCDD85B5}.Release|Any CPU.Build.0 = Release|Any CPU
	EndGlobalSection
	GlobalSection(SolutionProperties) = preSolution
		HideSolutionNode = FALSE
	EndGlobalSection
	GlobalSection(ExtensibilityGlobals) = postSolution
		SolutionGuid = {1F3DC785-469B-434B-A4EF-3F3A8DAF0741}
	EndGlobalSection
EndGlobal
